
Microsoft Visual Studio Solution File, Format Version 12.00
Project("{FAE04EC0-301F-11D3-BF4B-00C04F79EFBC}") = "Fox-Chicken-Grain", "Fox-Chicken-Grain\Fox-Chicken-Grain.csproj", "{AD45438B-9E65-4BF9-8EE4-1BAE01A5989A}"
EndProject
Global
	GlobalSection(SolutionConfigurationPlatforms) = preSolution
		Debug|Any CPU = Debug|Any CPU
		Release|Any CPU = Release|Any CPU
	EndGlobalSection
	GlobalSection(ProjectConfigurationPlatforms) = postSolution
		{AD45438B-9E65-4BF9-8EE4-1BAE01A5989A}.Debug|Any CPU.ActiveCfg = Debug|Any CPU
		{AD45438B-9E65-4BF9-8EE4-1BAE01A5989A}.Debug|Any CPU.Build.0 = Debug|Any CPU
		{AD45438B-9E65-4BF9-8EE4-1BAE01A5989A}.Release|Any CPU.ActiveCfg = Release|Any CPU
		{AD45438B-9E65-4BF9-8EE4-1BAE01A5989A}.Release|Any CPU.Build.0 = Release|Any CPU
	EndGlobalSection
EndGlobal
